{
    "requires": true,
    "lockfileVersion": 1,
    "dependencies": {
        "jquery": {
            "version": "3.5.0",
            "resolved": "https://registry.npmjs.org/jquery/-/jquery-3.5.0.tgz",
            "integrity": "sha512-Xb7SVYMvygPxbFMpTFQiHh1J7HClEaThguL15N/Gg37Lri/qKyhRGZYzHRyLH8Stq3Aow0LsHO2O2ci86fCrNQ=="
        },
        "persian-date": {
            "version": "1.1.0-rc2",
            "resolved": "https://registry.npmjs.org/persian-date/-/persian-date-1.1.0-rc2.tgz",
            "integrity": "sha512-qWkCzNn01wsNFJUcMOgatK8WJ2w+wLZXIFGvP2GYwN9nJ713NehDW02J2+yNPMmHqZRGUIG56MABqWw4MQKS6A=="
        },
        "persian-datepicker": {
            "version": "1.2.0",
            "resolved": "https://registry.npmjs.org/persian-datepicker/-/persian-datepicker-1.2.0.tgz",
            "integrity": "sha512-o0krgZQsLDxaADui8rVL7G4P1MXXi2IWFseFhgE7RahdaTqAcBj6C5fhwePMqOTJazl1PwB6dAQnKZ9VGKhItA==",
            "requires": {
                "jquery": "^3.3.1",
                "persian-date": "^1.1.0-rc2"
            }
        }
    }
}
